
Microsoft Visual Studio Solution File, Format Version 12.00
# Visual Studio Version 16
VisualStudioVersion = 16.0.30804.86
MinimumVisualStudioVersion = 15.0.26124.0
Project("{2150E333-8FDC-42A3-9474-1A3956D46DE8}") = "src", "src", "{8B88CF96-F689-4B50-9F83-858631C248B3}"
EndProject
Project("{2150E333-8FDC-42A3-9474-1A3956D46DE8}") = "tests", "tests", "{08B49FF1-9F6D-445A-86A4-CB2EBDA705F1}"
EndProject
Project("{9A19103F-16F7-4668-BE54-9A1E7A4F7556}") = "WebAPI", "src\WebAPI\WebAPI.csproj", "{19393598-ECE3-42D5-ACBD-18FE3A1900DF}"
EndProject
Project("{9A19103F-16F7-4668-BE54-9A1E7A4F7556}") = "Application", "src\Application\Application.csproj", "{02F28906-9471-44CA-831B-A78988AF7D68}"
EndProject
Project("{9A19103F-16F7-4668-BE54-9A1E7A4F7556}") = "Domain", "src\Domain\Domain.csproj", "{2FA7EDEF-B7E2-4B3F-8431-102F6D8A3CC6}"
EndProject
Project("{9A19103F-16F7-4668-BE54-9A1E7A4F7556}") = "Infrastructure", "src\Infrastructure\Infrastructure.csproj", "{5E3B580A-EB56-42FD-B88C-3E8932149FD4}"
EndProject
Project("{9A19103F-16F7-4668-BE54-9A1E7A4F7556}") = "Persistence", "src\Persistence\Persistence.csproj", "{DB119A4A-BDCF-4272-A32E-7EB1FE335771}"
EndProject
Project("{9A19103F-16F7-4668-BE54-9A1E7A4F7556}") = "ExternalAPIs", "src\ExternalAPIs\ExternalAPIs.csproj", "{FE003F3C-AE57-4503-8A18-924E7799C706}"
EndProject
Global
	GlobalSection(SolutionConfigurationPlatforms) = preSolution
		Debug|Any CPU = Debug|Any CPU
		Debug|x64 = Debug|x64
		Debug|x86 = Debug|x86
		Release|Any CPU = Release|Any CPU
		Release|x64 = Release|x64
		Release|x86 = Release|x86
	EndGlobalSection
	GlobalSection(ProjectConfigurationPlatforms) = postSolution
		{19393598-ECE3-42D5-ACBD-18FE3A1900DF}.Debug|Any CPU.ActiveCfg = Debug|Any CPU
		{19393598-ECE3-42D5-ACBD-18FE3A1900DF}.Debug|Any CPU.Build.0 = Debug|Any CPU
		{19393598-ECE3-42D5-ACBD-18FE3A1900DF}.Debug|x64.ActiveCfg = Debug|Any CPU
		{19393598-ECE3-42D5-ACBD-18FE3A1900DF}.Debug|x64.Build.0 = Debug|Any CPU
		{19393598-ECE3-42D5-ACBD-18FE3A1900DF}.Debug|x86.ActiveCfg = Debug|Any CPU
		{19393598-ECE3-42D5-ACBD-18FE3A1900DF}.Debug|x86.Build.0 = Debug|Any CPU
		{19393598-ECE3-42D5-ACBD-18FE3A1900DF}.Release|Any CPU.ActiveCfg = Release|Any CPU
		{19393598-ECE3-42D5-ACBD-18FE3A1900DF}.Release|Any CPU.Build.0 = Release|Any CPU
		{19393598-ECE3-42D5-ACBD-18FE3A1900DF}.Release|x64.ActiveCfg = Release|Any CPU
		{19393598-ECE3-42D5-ACBD-18FE3A1900DF}.Release|x64.Build.0 = Release|Any CPU
		{19393598-ECE3-42D5-ACBD-18FE3A1900DF}.Release|x86.ActiveCfg = Release|Any CPU
		{19393598-ECE3-42D5-ACBD-18FE3A1900DF}.Release|x86.Build.0 = Release|Any CPU
		{02F28906-9471-44CA-831B-A78988AF7D68}.Debug|Any CPU.ActiveCfg = Debug|Any CPU
		{02F28906-9471-44CA-831B-A78988AF7D68}.Debug|Any CPU.Build.0 = Debug|Any CPU
		{02F28906-9471-44CA-831B-A78988AF7D68}.Debug|x64.ActiveCfg = Debug|Any CPU
		{02F28906-9471-44CA-831B-A78988AF7D68}.Debug|x64.Build.0 = Debug|Any CPU
		{02F28906-9471-44CA-831B-A78988AF7D68}.Debug|x86.ActiveCfg = Debug|Any CPU
		{02F28906-9471-44CA-831B-A78988AF7D68}.Debug|x86.Build.0 = Debug|Any CPU
		{02F28906-9471-44CA-831B-A78988AF7D68}.Release|Any CPU.ActiveCfg = Release|Any CPU
		{02F28906-9471-44CA-831B-A78988AF7D68}.Release|Any CPU.Build.0 = Release|Any CPU
		{02F28906-9471-44CA-831B-A78988AF7D68}.Release|x64.ActiveCfg = Release|Any CPU
		{02F28906-9471-44CA-831B-A78988AF7D68}.Release|x64.Build.0 = Release|Any CPU
		{02F28906-9471-44CA-831B-A78988AF7D68}.Release|x86.ActiveCfg = Release|Any CPU
		{02F28906-9471-44CA-831B-A78988AF7D68}.Release|x86.Build.0 = Release|Any CPU
		{2FA7EDEF-B7E2-4B3F-8431-102F6D8A3CC6}.Debug|Any CPU.ActiveCfg = Debug|Any CPU
		{2FA7EDEF-B7E2-4B3F-8431-102F6D8A3CC6}.Debug|Any CPU.Build.0 = Debug|Any CPU
		{2FA7EDEF-B7E2-4B3F-8431-102F6D8A3CC6}.Debug|x64.ActiveCfg = Debug|Any CPU
		{2FA7EDEF-B7E2-4B3F-8431-102F6D8A3CC6}.Debug|x64.Build.0 = Debug|Any CPU
		{2FA7EDEF-B7E2-4B3F-8431-102F6D8A3CC6}.Debug|x86.ActiveCfg = Debug|Any CPU
		{2FA7EDEF-B7E2-4B3F-8431-102F6D8A3CC6}.Debug|x86.Build.0 = Debug|Any CPU
		{2FA7EDEF-B7E2-4B3F-8431-102F6D8A3CC6}.Release|Any CPU.ActiveCfg = Release|Any CPU
		{2FA7EDEF-B7E2-4B3F-8431-102F6D8A3CC6}.Release|Any CPU.Build.0 = Release|Any CPU
		{2FA7EDEF-B7E2-4B3F-8431-102F6D8A3CC6}.Release|x64.ActiveCfg = Release|Any CPU
		{2FA7EDEF-B7E2-4B3F-8431-102F6D8A3CC6}.Release|x64.Build.0 = Release|Any CPU
		{2FA7EDEF-B7E2-4B3F-8431-102F6D8A3CC6}.Release|x86.ActiveCfg = Release|Any CPU
		{2FA7EDEF-B7E2-4B3F-8431-102F6D8A3CC6}.Release|x86.Build.0 = Release|Any CPU
		{5E3B580A-EB56-42FD-B88C-3E8932149FD4}.Debug|Any CPU.ActiveCfg = Debug|Any CPU
		{5E3B580A-EB56-42FD-B88C-3E8932149FD4}.Debug|Any CPU.Build.0 = Debug|Any CPU
		{5E3B580A-EB56-42FD-B88C-3E8932149FD4}.Debug|x64.ActiveCfg = Debug|Any CPU
		{5E3B580A-EB56-42FD-B88C-3E8932149FD4}.Debug|x64.Build.0 = Debug|Any CPU
		{5E3B580A-EB56-42FD-B88C-3E8932149FD4}.Debug|x86.ActiveCfg = Debug|Any CPU
		{5E3B580A-EB56-42FD-B88C-3E8932149FD4}.Debug|x86.Build.0 = Debug|Any CPU
		{5E3B580A-EB56-42FD-B88C-3E8932149FD4}.Release|Any CPU.ActiveCfg = Release|Any CPU
		{5E3B580A-EB56-42FD-B88C-3E8932149FD4}.Release|Any CPU.Build.0 = Release|Any CPU
		{5E3B580A-EB56-42FD-B88C-3E8932149FD4}.Release|x64.ActiveCfg = Release|Any CPU
		{5E3B580A-EB56-42FD-B88C-3E8932149FD4}.Release|x64.Build.0 = Release|Any CPU
		{5E3B580A-EB56-42FD-B88C-3E8932149FD4}.Release|x86.ActiveCfg = Release|Any CPU
		{5E3B580A-EB56-42FD-B88C-3E8932149FD4}.Release|x86.Build.0 = Release|Any CPU
		{DB119A4A-BDCF-4272-A32E-7EB1FE335771}.Debug|Any CPU.ActiveCfg = Debug|Any CPU
		{DB119A4A-BDCF-4272-A32E-7EB1FE335771}.Debug|Any CPU.Build.0 = Debug|Any CPU
		{DB119A4A-BDCF-4272-A32E-7EB1FE335771}.Debug|x64.ActiveCfg = Debug|Any CPU
		{DB119A4A-BDCF-4272-A32E-7EB1FE335771}.Debug|x64.Build.0 = Debug|Any CPU
		{DB119A4A-BDCF-4272-A32E-7EB1FE335771}.Debug|x86.ActiveCfg = Debug|Any CPU
		{DB119A4A-BDCF-4272-A32E-7EB1FE335771}.Debug|x86.Build.0 = Debug|Any CPU
		{DB119A4A-BDCF-4272-A32E-7EB1FE335771}.Release|Any CPU.ActiveCfg = Release|Any CPU
		{DB119A4A-BDCF-4272-A32E-7EB1FE335771}.Release|Any CPU.Build.0 = Release|Any CPU
		{DB119A4A-BDCF-4272-A32E-7EB1FE335771}.Release|x64.ActiveCfg = Release|Any CPU
		{DB119A4A-BDCF-4272-A32E-7EB1FE335771}.Release|x64.Build.0 = Release|Any CPU
		{DB119A4A-BDCF-4272-A32E-7EB1FE335771}.Release|x86.ActiveCfg = Release|Any CPU
		{DB119A4A-BDCF-4272-A32E-7EB1FE335771}.Release|x86.Build.0 = Release|Any CPU
		{FE003F3C-AE57-4503-8A18-924E7799C706}.Debug|Any CPU.ActiveCfg = Debug|Any CPU
		{FE003F3C-AE57-4503-8A18-924E7799C706}.Debug|Any CPU.Build.0 = Debug|Any CPU
		{FE003F3C-AE57-4503-8A18-924E7799C706}.Debug|x64.ActiveCfg = Debug|Any CPU
		{FE003F3C-AE57-4503-8A18-924E7799C706}.Debug|x64.Build.0 = Debug|Any CPU
		{FE003F3C-AE57-4503-8A18-924E7799C706}.Debug|x86.ActiveCfg = Debug|Any CPU
		{FE003F3C-AE57-4503-8A18-924E7799C706}.Debug|x86.Build.0 = Debug|Any CPU
		{FE003F3C-AE57-4503-8A18-924E7799C706}.Release|Any CPU.ActiveCfg = Release|Any CPU
		{FE003F3C-AE57-4503-8A18-924E7799C706}.Release|Any CPU.Build.0 = Release|Any CPU
		{FE003F3C-AE57-4503-8A18-924E7799C706}.Release|x64.ActiveCfg = Release|Any CPU
		{FE003F3C-AE57-4503-8A18-924E7799C706}.Release|x64.Build.0 = Release|Any CPU
		{FE003F3C-AE57-4503-8A18-924E7799C706}.Release|x86.ActiveCfg = Release|Any CPU
		{FE003F3C-AE57-4503-8A18-924E7799C706}.Release|x86.Build.0 = Release|Any CPU
	EndGlobalSection
	GlobalSection(SolutionProperties) = preSolution
		HideSolutionNode = FALSE
	EndGlobalSection
	GlobalSection(NestedProjects) = preSolution
		{19393598-ECE3-42D5-ACBD-18FE3A1900DF} = {8B88CF96-F689-4B50-9F83-858631C248B3}
		{02F28906-9471-44CA-831B-A78988AF7D68} = {8B88CF96-F689-4B50-9F83-858631C248B3}
		{2FA7EDEF-B7E2-4B3F-8431-102F6D8A3CC6} = {8B88CF96-F689-4B50-9F83-858631C248B3}
		{5E3B580A-EB56-42FD-B88C-3E8932149FD4} = {8B88CF96-F689-4B50-9F83-858631C248B3}
		{DB119A4A-BDCF-4272-A32E-7EB1FE335771} = {8B88CF96-F689-4B50-9F83-858631C248B3}
		{FE003F3C-AE57-4503-8A18-924E7799C706} = {8B88CF96-F689-4B50-9F83-858631C248B3}
	EndGlobalSection
	GlobalSection(ExtensibilityGlobals) = postSolution
		SolutionGuid = {88BA63A2-C282-446F-AD09-BFA25BAB2156}
	EndGlobalSection
EndGlobal
